
Microsoft Visual Studio Solution File, Format Version 12.00
# Visual Studio Version 16
VisualStudioVersion = 16.0.30413.136
MinimumVisualStudioVersion = 10.0.40219.1
Project("{FAE04EC0-301F-11D3-BF4B-00C04F79EFBC}") = "Prog4", "Prog4\Prog4.csproj", "{FECC82FD-A1FE-46CA-811F-ADD6241A1D2B}"
EndProject
Global
	GlobalSection(SolutionConfigurationPlatforms) = preSolution
		Debug|Any CPU = Debug|Any CPU
		Release|Any CPU = Release|Any CPU
	EndGlobalSection
	GlobalSection(ProjectConfigurationPlatforms) = postSolution
		{FECC82FD-A1FE-46CA-811F-ADD6241A1D2B}.Debug|Any CPU.ActiveCfg = Debug|Any CPU
		{FECC82FD-A1FE-46CA-811F-ADD6241A1D2B}.Debug|Any CPU.Build.0 = Debug|Any CPU
		{FECC82FD-A1FE-46CA-811F-ADD6241A1D2B}.Release|Any CPU.ActiveCfg = Release|Any CPU
		{FECC82FD-A1FE-46CA-811F-ADD6241A1D2B}.Release|Any CPU.Build.0 = Release|Any CPU
	EndGlobalSection
	GlobalSection(SolutionProperties) = preSolution
		HideSolutionNode = FALSE
	EndGlobalSection
	GlobalSection(ExtensibilityGlobals) = postSolution
		SolutionGuid = {D1681073-7E3D-4F19-A0FD-8B736C65F611}
	EndGlobalSection
EndGlobal
